
Microsoft Visual Studio Solution File, Format Version 12.00
# Visual Studio Version 17
VisualStudioVersion = 17.2.32526.322
MinimumVisualStudioVersion = 10.0.40219.1
Project("{FAE04EC0-301F-11D3-BF4B-00C04F79EFBC}") = "BigEndianExtensions", "BigEndianExtensions/BigEndianExtensions.csproj", "{D2FF99F0-5794-4CC1-958B-BA7AC4749F37}"
EndProject
Global
	GlobalSection(SolutionConfigurationPlatforms) = preSolution
		Debug|Any CPU = Debug|Any CPU
		Release|Any CPU = Release|Any CPU
	EndGlobalSection
	GlobalSection(ProjectConfigurationPlatforms) = postSolution
		{D2FF99F0-5794-4CC1-958B-BA7AC4749F37}.Debug|Any CPU.ActiveCfg = Debug|Any CPU
		{D2FF99F0-5794-4CC1-958B-BA7AC4749F37}.Debug|Any CPU.Build.0 = Debug|Any CPU
		{D2FF99F0-5794-4CC1-958B-BA7AC4749F37}.Release|Any CPU.ActiveCfg = Release|Any CPU
		{D2FF99F0-5794-4CC1-958B-BA7AC4749F37}.Release|Any CPU.Build.0 = Release|Any CPU
	EndGlobalSection
	GlobalSection(SolutionProperties) = preSolution
		HideSolutionNode = FALSE
	EndGlobalSection
	GlobalSection(ExtensibilityGlobals) = postSolution
		SolutionGuid = {2CEAF763-EA1E-4758-9113-31CE88870021}
	EndGlobalSection
EndGlobal
